
Microsoft Visual Studio Solution File, Format Version 12.00
# Visual Studio Version 17
VisualStudioVersion = 17.0.31903.59
MinimumVisualStudioVersion = 10.0.40219.1
Project("{2150E333-8FDC-42A3-9474-1A3956D46DE8}") = "src", "src", "{1C3D3DA3-2E40-4B10-905F-112F939BE98B}"
EndProject
Project("{9A19103F-16F7-4668-BE54-9A1E7A4F7556}") = "WebApi", "src\WebApi\WebApi.csproj", "{3D7903E4-9FE0-4F3C-B3AD-00BC831F9AB6}"
EndProject
Project("{9A19103F-16F7-4668-BE54-9A1E7A4F7556}") = "CommandApp", "src\CommandApp\CommandApp.csproj", "{9B4BC06B-AED4-4165-AA8F-A0ECF4964E85}"
EndProject
Project("{9A19103F-16F7-4668-BE54-9A1E7A4F7556}") = "Contract", "src\Contract\Contract.csproj", "{11F16320-E55B-42A7-97AC-AD5A603E4C5C}"
EndProject
Project("{9A19103F-16F7-4668-BE54-9A1E7A4F7556}") = "Core", "src\Core\Core.csproj", "{E4C2E08E-8B84-4D9C-AEB0-63E3DB076173}"
EndProject
Project("{9A19103F-16F7-4668-BE54-9A1E7A4F7556}") = "Entities", "src\Entities\Entities.csproj", "{48506E6D-8E73-4485-B62D-E2A0A6F73E28}"
EndProject
Project("{9A19103F-16F7-4668-BE54-9A1E7A4F7556}") = "Framework", "src\Framework\Framework.csproj", "{7E156AD6-873B-4563-A378-E989CF1A1E5E}"
EndProject
Project("{9A19103F-16F7-4668-BE54-9A1E7A4F7556}") = "QueryApp", "src\QueryApp\QueryApp.csproj", "{E21A9A11-B608-4FFD-8816-016B052AF7D0}"
EndProject
Project("{FAE04EC0-301F-11D3-BF4B-00C04F79EFBC}") = "Repository", "src\Repository\Repository.csproj", "{978462BF-5815-40D4-B808-EC45F2326089}"
EndProject
Project("{FAE04EC0-301F-11D3-BF4B-00C04F79EFBC}") = "CommandWorker", "src\CommandWorker\CommandWorker.csproj", "{E553399D-B94A-408A-A7AF-C9BD1DBBC196}"
EndProject
Project("{FAE04EC0-301F-11D3-BF4B-00C04F79EFBC}") = "Services", "src\Services\Services.csproj", "{6F9BC2DD-6901-421C-A31B-F98C3AF05FF9}"
EndProject
Global
	GlobalSection(SolutionConfigurationPlatforms) = preSolution
		Debug|Any CPU = Debug|Any CPU
		Release|Any CPU = Release|Any CPU
	EndGlobalSection
	GlobalSection(ProjectConfigurationPlatforms) = postSolution
		{3D7903E4-9FE0-4F3C-B3AD-00BC831F9AB6}.Debug|Any CPU.ActiveCfg = Debug|Any CPU
		{3D7903E4-9FE0-4F3C-B3AD-00BC831F9AB6}.Debug|Any CPU.Build.0 = Debug|Any CPU
		{3D7903E4-9FE0-4F3C-B3AD-00BC831F9AB6}.Release|Any CPU.ActiveCfg = Release|Any CPU
		{3D7903E4-9FE0-4F3C-B3AD-00BC831F9AB6}.Release|Any CPU.Build.0 = Release|Any CPU
		{9B4BC06B-AED4-4165-AA8F-A0ECF4964E85}.Debug|Any CPU.ActiveCfg = Debug|Any CPU
		{9B4BC06B-AED4-4165-AA8F-A0ECF4964E85}.Debug|Any CPU.Build.0 = Debug|Any CPU
		{9B4BC06B-AED4-4165-AA8F-A0ECF4964E85}.Release|Any CPU.ActiveCfg = Release|Any CPU
		{9B4BC06B-AED4-4165-AA8F-A0ECF4964E85}.Release|Any CPU.Build.0 = Release|Any CPU
		{11F16320-E55B-42A7-97AC-AD5A603E4C5C}.Debug|Any CPU.ActiveCfg = Debug|Any CPU
		{11F16320-E55B-42A7-97AC-AD5A603E4C5C}.Debug|Any CPU.Build.0 = Debug|Any CPU
		{11F16320-E55B-42A7-97AC-AD5A603E4C5C}.Release|Any CPU.ActiveCfg = Release|Any CPU
		{11F16320-E55B-42A7-97AC-AD5A603E4C5C}.Release|Any CPU.Build.0 = Release|Any CPU
		{E4C2E08E-8B84-4D9C-AEB0-63E3DB076173}.Debug|Any CPU.ActiveCfg = Debug|Any CPU
		{E4C2E08E-8B84-4D9C-AEB0-63E3DB076173}.Debug|Any CPU.Build.0 = Debug|Any CPU
		{E4C2E08E-8B84-4D9C-AEB0-63E3DB076173}.Release|Any CPU.ActiveCfg = Release|Any CPU
		{E4C2E08E-8B84-4D9C-AEB0-63E3DB076173}.Release|Any CPU.Build.0 = Release|Any CPU
		{48506E6D-8E73-4485-B62D-E2A0A6F73E28}.Debug|Any CPU.ActiveCfg = Debug|Any CPU
		{48506E6D-8E73-4485-B62D-E2A0A6F73E28}.Debug|Any CPU.Build.0 = Debug|Any CPU
		{48506E6D-8E73-4485-B62D-E2A0A6F73E28}.Release|Any CPU.ActiveCfg = Release|Any CPU
		{48506E6D-8E73-4485-B62D-E2A0A6F73E28}.Release|Any CPU.Build.0 = Release|Any CPU
		{7E156AD6-873B-4563-A378-E989CF1A1E5E}.Debug|Any CPU.ActiveCfg = Debug|Any CPU
		{7E156AD6-873B-4563-A378-E989CF1A1E5E}.Debug|Any CPU.Build.0 = Debug|Any CPU
		{7E156AD6-873B-4563-A378-E989CF1A1E5E}.Release|Any CPU.ActiveCfg = Release|Any CPU
		{7E156AD6-873B-4563-A378-E989CF1A1E5E}.Release|Any CPU.Build.0 = Release|Any CPU
		{E21A9A11-B608-4FFD-8816-016B052AF7D0}.Debug|Any CPU.ActiveCfg = Debug|Any CPU
		{E21A9A11-B608-4FFD-8816-016B052AF7D0}.Debug|Any CPU.Build.0 = Debug|Any CPU
		{E21A9A11-B608-4FFD-8816-016B052AF7D0}.Release|Any CPU.ActiveCfg = Release|Any CPU
		{E21A9A11-B608-4FFD-8816-016B052AF7D0}.Release|Any CPU.Build.0 = Release|Any CPU
		{978462BF-5815-40D4-B808-EC45F2326089}.Debug|Any CPU.ActiveCfg = Debug|Any CPU
		{978462BF-5815-40D4-B808-EC45F2326089}.Debug|Any CPU.Build.0 = Debug|Any CPU
		{978462BF-5815-40D4-B808-EC45F2326089}.Release|Any CPU.ActiveCfg = Release|Any CPU
		{978462BF-5815-40D4-B808-EC45F2326089}.Release|Any CPU.Build.0 = Release|Any CPU
		{E553399D-B94A-408A-A7AF-C9BD1DBBC196}.Debug|Any CPU.ActiveCfg = Debug|Any CPU
		{E553399D-B94A-408A-A7AF-C9BD1DBBC196}.Debug|Any CPU.Build.0 = Debug|Any CPU
		{E553399D-B94A-408A-A7AF-C9BD1DBBC196}.Release|Any CPU.ActiveCfg = Release|Any CPU
		{E553399D-B94A-408A-A7AF-C9BD1DBBC196}.Release|Any CPU.Build.0 = Release|Any CPU
		{6F9BC2DD-6901-421C-A31B-F98C3AF05FF9}.Debug|Any CPU.ActiveCfg = Debug|Any CPU
		{6F9BC2DD-6901-421C-A31B-F98C3AF05FF9}.Debug|Any CPU.Build.0 = Debug|Any CPU
		{6F9BC2DD-6901-421C-A31B-F98C3AF05FF9}.Release|Any CPU.ActiveCfg = Release|Any CPU
		{6F9BC2DD-6901-421C-A31B-F98C3AF05FF9}.Release|Any CPU.Build.0 = Release|Any CPU
	EndGlobalSection
	GlobalSection(SolutionProperties) = preSolution
		HideSolutionNode = FALSE
	EndGlobalSection
	GlobalSection(NestedProjects) = preSolution
		{3D7903E4-9FE0-4F3C-B3AD-00BC831F9AB6} = {1C3D3DA3-2E40-4B10-905F-112F939BE98B}
		{9B4BC06B-AED4-4165-AA8F-A0ECF4964E85} = {1C3D3DA3-2E40-4B10-905F-112F939BE98B}
		{11F16320-E55B-42A7-97AC-AD5A603E4C5C} = {1C3D3DA3-2E40-4B10-905F-112F939BE98B}
		{E4C2E08E-8B84-4D9C-AEB0-63E3DB076173} = {1C3D3DA3-2E40-4B10-905F-112F939BE98B}
		{48506E6D-8E73-4485-B62D-E2A0A6F73E28} = {1C3D3DA3-2E40-4B10-905F-112F939BE98B}
		{7E156AD6-873B-4563-A378-E989CF1A1E5E} = {1C3D3DA3-2E40-4B10-905F-112F939BE98B}
		{E21A9A11-B608-4FFD-8816-016B052AF7D0} = {1C3D3DA3-2E40-4B10-905F-112F939BE98B}
		{978462BF-5815-40D4-B808-EC45F2326089} = {1C3D3DA3-2E40-4B10-905F-112F939BE98B}
		{E553399D-B94A-408A-A7AF-C9BD1DBBC196} = {1C3D3DA3-2E40-4B10-905F-112F939BE98B}
		{6F9BC2DD-6901-421C-A31B-F98C3AF05FF9} = {1C3D3DA3-2E40-4B10-905F-112F939BE98B}
	EndGlobalSection
	GlobalSection(ExtensibilityGlobals) = postSolution
		SolutionGuid = {54D865A6-1CE0-4F8B-A724-DDA7D7C4E4C3}
	EndGlobalSection
EndGlobal
